Microsoft Visual Studio Solution File, Format Version 12.00
# Visual Studio 2012
Project("{FAE04EC0-301F-11D3-BF4B-00C04F79EFBC}") = "jammy jam jam flavored game jam", "jammy jam jam flavored game jam.csproj", "{4D73FA17-B7F3-405D-9A24-B3767051D079}"
EndProject
Global
	GlobalSection(SolutionConfigurationPlatforms) = preSolution
	Debug|Any CPU = Debug|Any CPU
	ExportDebug|Any CPU = ExportDebug|Any CPU
	ExportRelease|Any CPU = ExportRelease|Any CPU
	EndGlobalSection
	GlobalSection(ProjectConfigurationPlatforms) = postSolution
		{4D73FA17-B7F3-405D-9A24-B3767051D079}.Debug|Any CPU.ActiveCfg = Debug|Any CPU
		{4D73FA17-B7F3-405D-9A24-B3767051D079}.Debug|Any CPU.Build.0 = Debug|Any CPU
		{4D73FA17-B7F3-405D-9A24-B3767051D079}.ExportDebug|Any CPU.ActiveCfg = ExportDebug|Any CPU
		{4D73FA17-B7F3-405D-9A24-B3767051D079}.ExportDebug|Any CPU.Build.0 = ExportDebug|Any CPU
		{4D73FA17-B7F3-405D-9A24-B3767051D079}.ExportRelease|Any CPU.ActiveCfg = ExportRelease|Any CPU
		{4D73FA17-B7F3-405D-9A24-B3767051D079}.ExportRelease|Any CPU.Build.0 = ExportRelease|Any CPU
	EndGlobalSection
EndGlobal
